
Microsoft Visual Studio Solution File, Format Version 12.00
# Visual Studio Version 17
VisualStudioVersion = 17.8.34330.188
MinimumVisualStudioVersion = 10.0.40219.1
Project("{FAE04EC0-301F-11D3-BF4B-00C04F79EFBC}") = "TextToMp3", "TextToMp3.csproj", "{7787BED4-FBA6-4B9B-8623-E8D62FCA76BC}"
EndProject
Global
	GlobalSection(SolutionConfigurationPlatforms) = preSolution
		Debug|Any CPU = Debug|Any CPU
		Release|Any CPU = Release|Any CPU
	EndGlobalSection
	GlobalSection(ProjectConfigurationPlatforms) = postSolution
		{7787BED4-FBA6-4B9B-8623-E8D62FCA76BC}.Debug|Any CPU.ActiveCfg = Debug|Any CPU
		{7787BED4-FBA6-4B9B-8623-E8D62FCA76BC}.Debug|Any CPU.Build.0 = Debug|Any CPU
		{7787BED4-FBA6-4B9B-8623-E8D62FCA76BC}.Release|Any CPU.ActiveCfg = Release|Any CPU
		{7787BED4-FBA6-4B9B-8623-E8D62FCA76BC}.Release|Any CPU.Build.0 = Release|Any CPU
	EndGlobalSection
	GlobalSection(SolutionProperties) = preSolution
		HideSolutionNode = FALSE
	EndGlobalSection
	GlobalSection(ExtensibilityGlobals) = postSolution
		SolutionGuid = {BB9F7DA5-8B33-4C7B-9746-0A6EAD8F9D16}
	EndGlobalSection
EndGlobal
